
Microsoft Visual Studio Solution File, Format Version 12.00
# Visual Studio Version 17
VisualStudioVersion = 17.7.34031.279
MinimumVisualStudioVersion = 10.0.40219.1
Project("{9A19103F-16F7-4668-BE54-9A1E7A4F7556}") = "Cruz.Eduardo.Primer.Parcial.Labo_II", "Cruz.Eduardo.Primer.Parcial.Labo_II\Cruz.Eduardo.Primer.Parcial.Labo_II.csproj", "{BFD20280-6362-45C1-97F4-354EC1255599}"
EndProject
Project("{9A19103F-16F7-4668-BE54-9A1E7A4F7556}") = "Program", "Program\Program.csproj", "{3EE82696-AC06-4293-8DAD-28F16B14AFF6}"
EndProject
Project("{9A19103F-16F7-4668-BE54-9A1E7A4F7556}") = "WinFormsAppLoginUser", "WinFormsAppLoginUser\WinFormsAppLoginUser.csproj", "{053E390A-E94A-4E67-A33D-B2D45CF9E7D5}"
EndProject
Project("{9A19103F-16F7-4668-BE54-9A1E7A4F7556}") = "TestUnitarios", "TestUnitarios\TestUnitarios.csproj", "{FC774589-CA99-4810-9B33-AA61042CBF1B}"
EndProject
Project("{9A19103F-16F7-4668-BE54-9A1E7A4F7556}") = "Biblioteca_de_Interfaces", "Biblioteca_de_Interfaces\Biblioteca_de_Interfaces.csproj", "{26ECF6B2-DEBE-4A62-ABD4-A0C696D207C9}"
EndProject
Project("{9A19103F-16F7-4668-BE54-9A1E7A4F7556}") = "Biblioteca_de_Accesos", "Biblioteca_de_Accesos\Biblioteca_de_Accesos.csproj", "{EC1739C8-167A-4A93-B858-6513232D70DE}"
EndProject
Project("{9A19103F-16F7-4668-BE54-9A1E7A4F7556}") = "Biblioteca_Exepciones", "Biblioteca_Exepciones\Biblioteca_Exepciones.csproj", "{C04AFF95-5249-4C13-9F48-4E861C2DD9CD}"
EndProject
Global
	GlobalSection(SolutionConfigurationPlatforms) = preSolution
		Debug|Any CPU = Debug|Any CPU
		Release|Any CPU = Release|Any CPU
	EndGlobalSection
	GlobalSection(ProjectConfigurationPlatforms) = postSolution
		{BFD20280-6362-45C1-97F4-354EC1255599}.Debug|Any CPU.ActiveCfg = Debug|Any CPU
		{BFD20280-6362-45C1-97F4-354EC1255599}.Debug|Any CPU.Build.0 = Debug|Any CPU
		{BFD20280-6362-45C1-97F4-354EC1255599}.Release|Any CPU.ActiveCfg = Release|Any CPU
		{BFD20280-6362-45C1-97F4-354EC1255599}.Release|Any CPU.Build.0 = Release|Any CPU
		{3EE82696-AC06-4293-8DAD-28F16B14AFF6}.Debug|Any CPU.ActiveCfg = Debug|Any CPU
		{3EE82696-AC06-4293-8DAD-28F16B14AFF6}.Debug|Any CPU.Build.0 = Debug|Any CPU
		{3EE82696-AC06-4293-8DAD-28F16B14AFF6}.Release|Any CPU.ActiveCfg = Release|Any CPU
		{3EE82696-AC06-4293-8DAD-28F16B14AFF6}.Release|Any CPU.Build.0 = Release|Any CPU
		{053E390A-E94A-4E67-A33D-B2D45CF9E7D5}.Debug|Any CPU.ActiveCfg = Debug|Any CPU
		{053E390A-E94A-4E67-A33D-B2D45CF9E7D5}.Debug|Any CPU.Build.0 = Debug|Any CPU
		{053E390A-E94A-4E67-A33D-B2D45CF9E7D5}.Release|Any CPU.ActiveCfg = Release|Any CPU
		{053E390A-E94A-4E67-A33D-B2D45CF9E7D5}.Release|Any CPU.Build.0 = Release|Any CPU
		{FC774589-CA99-4810-9B33-AA61042CBF1B}.Debug|Any CPU.ActiveCfg = Debug|Any CPU
		{FC774589-CA99-4810-9B33-AA61042CBF1B}.Debug|Any CPU.Build.0 = Debug|Any CPU
		{FC774589-CA99-4810-9B33-AA61042CBF1B}.Release|Any CPU.ActiveCfg = Release|Any CPU
		{FC774589-CA99-4810-9B33-AA61042CBF1B}.Release|Any CPU.Build.0 = Release|Any CPU
		{26ECF6B2-DEBE-4A62-ABD4-A0C696D207C9}.Debug|Any CPU.ActiveCfg = Debug|Any CPU
		{26ECF6B2-DEBE-4A62-ABD4-A0C696D207C9}.Debug|Any CPU.Build.0 = Debug|Any CPU
		{26ECF6B2-DEBE-4A62-ABD4-A0C696D207C9}.Release|Any CPU.ActiveCfg = Release|Any CPU
		{26ECF6B2-DEBE-4A62-ABD4-A0C696D207C9}.Release|Any CPU.Build.0 = Release|Any CPU
		{EC1739C8-167A-4A93-B858-6513232D70DE}.Debug|Any CPU.ActiveCfg = Debug|Any CPU
		{EC1739C8-167A-4A93-B858-6513232D70DE}.Debug|Any CPU.Build.0 = Debug|Any CPU
		{EC1739C8-167A-4A93-B858-6513232D70DE}.Release|Any CPU.ActiveCfg = Release|Any CPU
		{EC1739C8-167A-4A93-B858-6513232D70DE}.Release|Any CPU.Build.0 = Release|Any CPU
		{C04AFF95-5249-4C13-9F48-4E861C2DD9CD}.Debug|Any CPU.ActiveCfg = Debug|Any CPU
		{C04AFF95-5249-4C13-9F48-4E861C2DD9CD}.Debug|Any CPU.Build.0 = Debug|Any CPU
		{C04AFF95-5249-4C13-9F48-4E861C2DD9CD}.Release|Any CPU.ActiveCfg = Release|Any CPU
		{C04AFF95-5249-4C13-9F48-4E861C2DD9CD}.Release|Any CPU.Build.0 = Release|Any CPU
	EndGlobalSection
	GlobalSection(SolutionProperties) = preSolution
		HideSolutionNode = FALSE
	EndGlobalSection
	GlobalSection(ExtensibilityGlobals) = postSolution
		SolutionGuid = {EFF4D5B9-212B-4C7B-91E1-8ACF01848257}
	EndGlobalSection
EndGlobal
